
Microsoft Visual Studio Solution File, Format Version 12.00
# Visual Studio Version 17
VisualStudioVersion = 17.0.32002.185
MinimumVisualStudioVersion = 10.0.40219.1
Project("{FAE04EC0-301F-11D3-BF4B-00C04F79EFBC}") = "Core", "Core\Core.csproj", "{AC663E4B-84E1-4FB5-8875-A95028BDC7C3}"
EndProject
Project("{9A19103F-16F7-4668-BE54-9A1E7A4F7556}") = "WebTattoo", "WebTattoo\WebTattoo.csproj", "{8775D7FF-02B0-4F5B-819A-EDFB05D4832E}"
EndProject
Project("{FAE04EC0-301F-11D3-BF4B-00C04F79EFBC}") = "WpfTattoo", "WpfTattoo\WpfTattoo.csproj", "{D31E6F57-813C-413A-A6A2-AC4E29509630}"
EndProject
Global
	GlobalSection(SolutionConfigurationPlatforms) = preSolution
		Debug|Any CPU = Debug|Any CPU
		Release|Any CPU = Release|Any CPU
	EndGlobalSection
	GlobalSection(ProjectConfigurationPlatforms) = postSolution
		{AC663E4B-84E1-4FB5-8875-A95028BDC7C3}.Debug|Any CPU.ActiveCfg = Debug|Any CPU
		{AC663E4B-84E1-4FB5-8875-A95028BDC7C3}.Debug|Any CPU.Build.0 = Debug|Any CPU
		{AC663E4B-84E1-4FB5-8875-A95028BDC7C3}.Release|Any CPU.ActiveCfg = Release|Any CPU
		{AC663E4B-84E1-4FB5-8875-A95028BDC7C3}.Release|Any CPU.Build.0 = Release|Any CPU
		{8775D7FF-02B0-4F5B-819A-EDFB05D4832E}.Debug|Any CPU.ActiveCfg = Debug|Any CPU
		{8775D7FF-02B0-4F5B-819A-EDFB05D4832E}.Debug|Any CPU.Build.0 = Debug|Any CPU
		{8775D7FF-02B0-4F5B-819A-EDFB05D4832E}.Release|Any CPU.ActiveCfg = Release|Any CPU
		{8775D7FF-02B0-4F5B-819A-EDFB05D4832E}.Release|Any CPU.Build.0 = Release|Any CPU
		{D31E6F57-813C-413A-A6A2-AC4E29509630}.Debug|Any CPU.ActiveCfg = Debug|Any CPU
		{D31E6F57-813C-413A-A6A2-AC4E29509630}.Debug|Any CPU.Build.0 = Debug|Any CPU
		{D31E6F57-813C-413A-A6A2-AC4E29509630}.Release|Any CPU.ActiveCfg = Release|Any CPU
		{D31E6F57-813C-413A-A6A2-AC4E29509630}.Release|Any CPU.Build.0 = Release|Any CPU
	EndGlobalSection
	GlobalSection(SolutionProperties) = preSolution
		HideSolutionNode = FALSE
	EndGlobalSection
	GlobalSection(ExtensibilityGlobals) = postSolution
		SolutionGuid = {471C5B39-1533-490B-B42C-7CA209B04AA4}
	EndGlobalSection
EndGlobal
