
Microsoft Visual Studio Solution File, Format Version 12.00
# Visual Studio Version 17
VisualStudioVersion = 17.0.32002.185
MinimumVisualStudioVersion = 10.0.40219.1
Project("{FAE04EC0-301F-11D3-BF4B-00C04F79EFBC}") = "Core", "Core\Core.csproj", "{AC663E4B-84E1-4FB5-8875-A95028BDC7C3}"
EndProject
Global
	GlobalSection(SolutionConfigurationPlatforms) = preSolution
		Debug|Any CPU = Debug|Any CPU
		Release|Any CPU = Release|Any CPU
	EndGlobalSection
	GlobalSection(ProjectConfigurationPlatforms) = postSolution
		{AC663E4B-84E1-4FB5-8875-A95028BDC7C3}.Debug|Any CPU.ActiveCfg = Debug|Any CPU
		{AC663E4B-84E1-4FB5-8875-A95028BDC7C3}.Debug|Any CPU.Build.0 = Debug|Any CPU
		{AC663E4B-84E1-4FB5-8875-A95028BDC7C3}.Release|Any CPU.ActiveCfg = Release|Any CPU
		{AC663E4B-84E1-4FB5-8875-A95028BDC7C3}.Release|Any CPU.Build.0 = Release|Any CPU
	EndGlobalSection
	GlobalSection(SolutionProperties) = preSolution
		HideSolutionNode = FALSE
	EndGlobalSection
	GlobalSection(ExtensibilityGlobals) = postSolution
		SolutionGuid = {471C5B39-1533-490B-B42C-7CA209B04AA4}
	EndGlobalSection
EndGlobal
